
Microsoft Visual Studio Solution File, Format Version 12.00
# Visual Studio Version 17
VisualStudioVersion = 17.3.32825.248
MinimumVisualStudioVersion = 10.0.40219.1
Project("{2150E333-8FDC-42A3-9474-1A3956D46DE8}") = "src", "src", "{AFAA0841-BD93-466F-B8F4-FB4EEC86F1FC}"
EndProject
Project("{2150E333-8FDC-42A3-9474-1A3956D46DE8}") = "test", "test", "{F10AA149-2626-486E-85BB-9CD5365F3016}"
EndProject
Project("{9A19103F-16F7-4668-BE54-9A1E7A4F7556}") = "bbk.netcore.Web.Host", "src\bbk.netcore.Web.Host\bbk.netcore.Web.Host.csproj", "{38E184BD-E874-4633-A947-AED4FDB73F40}"
EndProject
Project("{9A19103F-16F7-4668-BE54-9A1E7A4F7556}") = "bbk.netcore.Web.Core", "src\bbk.netcore.Web.Core\bbk.netcore.Web.Core.csproj", "{22CFE0D2-8DCA-42D7-AD7D-784C3862493F}"
EndProject
Project("{9A19103F-16F7-4668-BE54-9A1E7A4F7556}") = "bbk.netcore.Web.Mvc", "src\bbk.netcore.Web.Mvc\bbk.netcore.Web.Mvc.csproj", "{A2213374-BB48-48FD-BBD4-81E6A961D866}"
EndProject
Project("{9A19103F-16F7-4668-BE54-9A1E7A4F7556}") = "bbk.netcore.Web.Tests", "test\bbk.netcore.Web.Tests\bbk.netcore.Web.Tests.csproj", "{CA86CF6F-5D9E-4DAC-9CCB-0F87B519E087}"
EndProject
Project("{2150E333-8FDC-42A3-9474-1A3956D46DE8}") = "common", "common", "{88C07ABE-859D-4B43-A1CD-5787122A00D6}"
EndProject
Project("{9A19103F-16F7-4668-BE54-9A1E7A4F7556}") = "bbk.netcore.Utils", "common\bbk.netcore.Utils\bbk.netcore.Utils.csproj", "{13200BCC-3685-45A5-9649-488639123C61}"
EndProject
Project("{2150E333-8FDC-42A3-9474-1A3956D46DE8}") = "modules", "modules", "{6EF2C9D6-F1F4-477E-94A3-8C23CA9A6B2F}"
EndProject
Project("{2150E333-8FDC-42A3-9474-1A3956D46DE8}") = "PersonalProfile", "PersonalProfile", "{8458391B-5481-417E-A18F-CD5FBF985A97}"
EndProject
Project("{9A19103F-16F7-4668-BE54-9A1E7A4F7556}") = "PersonalProfile.Core", "modules\PersonalProfile\PersonalProfile.Core\PersonalProfile.Core.csproj", "{4CA02791-9DDD-4C9B-A553-02756FC52032}"
EndProject
Project("{9A19103F-16F7-4668-BE54-9A1E7A4F7556}") = "PersonalProfile.Application", "modules\PersonalProfile\PersonalProfile.Application\PersonalProfile.Application.csproj", "{73F0D467-0D3D-422C-8BD4-39CE0F171523}"
EndProject
Project("{2150E333-8FDC-42A3-9474-1A3956D46DE8}") = "dbs", "dbs", "{9C45F30C-F4AE-4736-8863-46904CD511A9}"
EndProject
Project("{9A19103F-16F7-4668-BE54-9A1E7A4F7556}") = "bbk.netcore.EntityFrameworkCore", "dbs\bbk.netcore.EntityFrameworkCore\bbk.netcore.EntityFrameworkCore.csproj", "{85CB69D4-94DE-46A9-8532-0F7D5A193409}"
EndProject
Project("{9A19103F-16F7-4668-BE54-9A1E7A4F7556}") = "bbk.netcore.Migrator", "dbs\bbk.netcore.Migrator\bbk.netcore.Migrator.csproj", "{3DDD53C1-6EA6-499B-A2B3-8B2EF544B815}"
EndProject
Project("{9A19103F-16F7-4668-BE54-9A1E7A4F7556}") = "bbk.netcore.Tests", "test\bbk.netcore.Tests\bbk.netcore.Tests.csproj", "{741679D9-6CC4-488D-9A58-61926DA6AC2D}"
EndProject
Project("{9A19103F-16F7-4668-BE54-9A1E7A4F7556}") = "PersonalProfile.Web", "modules\PersonalProfile\PersonalProfile.Web\PersonalProfile.Web.csproj", "{D1B63D03-BABB-44CB-AC71-2E670B350ABA}"
EndProject
Project("{2150E333-8FDC-42A3-9474-1A3956D46DE8}") = "OMS", "OMS", "{6B36134A-E807-4D09-9501-B906EE9F5EFC}"
EndProject
Project("{9A19103F-16F7-4668-BE54-9A1E7A4F7556}") = "OMS.Core", "modules\OMS.Core\OMS.Core.csproj", "{FBD3FA01-6BEF-4B7E-8BF9-451F64533708}"
EndProject
Project("{9A19103F-16F7-4668-BE54-9A1E7A4F7556}") = "OMS.Application", "modules\OMS\OMS.Application\OMS.Application.csproj", "{67595CBD-11DF-44BE-BB71-8565D4DD9E2C}"
EndProject
Project("{2150E333-8FDC-42A3-9474-1A3956D46DE8}") = "core", "core", "{D7F8FD23-661E-4F58-A44D-11EECF9AC9EB}"
EndProject
Global
	GlobalSection(SolutionConfigurationPlatforms) = preSolution
		Debug|Any CPU = Debug|Any CPU
		Release|Any CPU = Release|Any CPU
	EndGlobalSection
	GlobalSection(ProjectConfigurationPlatforms) = postSolution
		{38E184BD-E874-4633-A947-AED4FDB73F40}.Debug|Any CPU.ActiveCfg = Debug|Any CPU
		{38E184BD-E874-4633-A947-AED4FDB73F40}.Debug|Any CPU.Build.0 = Debug|Any CPU
		{38E184BD-E874-4633-A947-AED4FDB73F40}.Release|Any CPU.ActiveCfg = Release|Any CPU
		{38E184BD-E874-4633-A947-AED4FDB73F40}.Release|Any CPU.Build.0 = Release|Any CPU
		{22CFE0D2-8DCA-42D7-AD7D-784C3862493F}.Debug|Any CPU.ActiveCfg = Debug|Any CPU
		{22CFE0D2-8DCA-42D7-AD7D-784C3862493F}.Debug|Any CPU.Build.0 = Debug|Any CPU
		{22CFE0D2-8DCA-42D7-AD7D-784C3862493F}.Release|Any CPU.ActiveCfg = Release|Any CPU
		{22CFE0D2-8DCA-42D7-AD7D-784C3862493F}.Release|Any CPU.Build.0 = Release|Any CPU
		{A2213374-BB48-48FD-BBD4-81E6A961D866}.Debug|Any CPU.ActiveCfg = Debug|Any CPU
		{A2213374-BB48-48FD-BBD4-81E6A961D866}.Debug|Any CPU.Build.0 = Debug|Any CPU
		{A2213374-BB48-48FD-BBD4-81E6A961D866}.Release|Any CPU.ActiveCfg = Release|Any CPU
		{A2213374-BB48-48FD-BBD4-81E6A961D866}.Release|Any CPU.Build.0 = Release|Any CPU
		{CA86CF6F-5D9E-4DAC-9CCB-0F87B519E087}.Debug|Any CPU.ActiveCfg = Debug|Any CPU
		{CA86CF6F-5D9E-4DAC-9CCB-0F87B519E087}.Debug|Any CPU.Build.0 = Debug|Any CPU
		{CA86CF6F-5D9E-4DAC-9CCB-0F87B519E087}.Release|Any CPU.ActiveCfg = Release|Any CPU
		{CA86CF6F-5D9E-4DAC-9CCB-0F87B519E087}.Release|Any CPU.Build.0 = Release|Any CPU
		{13200BCC-3685-45A5-9649-488639123C61}.Debug|Any CPU.ActiveCfg = Debug|Any CPU
		{13200BCC-3685-45A5-9649-488639123C61}.Debug|Any CPU.Build.0 = Debug|Any CPU
		{13200BCC-3685-45A5-9649-488639123C61}.Release|Any CPU.ActiveCfg = Release|Any CPU
		{13200BCC-3685-45A5-9649-488639123C61}.Release|Any CPU.Build.0 = Release|Any CPU
		{4CA02791-9DDD-4C9B-A553-02756FC52032}.Debug|Any CPU.ActiveCfg = Debug|Any CPU
		{4CA02791-9DDD-4C9B-A553-02756FC52032}.Debug|Any CPU.Build.0 = Debug|Any CPU
		{4CA02791-9DDD-4C9B-A553-02756FC52032}.Release|Any CPU.ActiveCfg = Release|Any CPU
		{4CA02791-9DDD-4C9B-A553-02756FC52032}.Release|Any CPU.Build.0 = Release|Any CPU
		{73F0D467-0D3D-422C-8BD4-39CE0F171523}.Debug|Any CPU.ActiveCfg = Debug|Any CPU
		{73F0D467-0D3D-422C-8BD4-39CE0F171523}.Debug|Any CPU.Build.0 = Debug|Any CPU
		{73F0D467-0D3D-422C-8BD4-39CE0F171523}.Release|Any CPU.ActiveCfg = Release|Any CPU
		{73F0D467-0D3D-422C-8BD4-39CE0F171523}.Release|Any CPU.Build.0 = Release|Any CPU
		{85CB69D4-94DE-46A9-8532-0F7D5A193409}.Debug|Any CPU.ActiveCfg = Debug|Any CPU
		{85CB69D4-94DE-46A9-8532-0F7D5A193409}.Debug|Any CPU.Build.0 = Debug|Any CPU
		{85CB69D4-94DE-46A9-8532-0F7D5A193409}.Release|Any CPU.ActiveCfg = Release|Any CPU
		{85CB69D4-94DE-46A9-8532-0F7D5A193409}.Release|Any CPU.Build.0 = Release|Any CPU
		{3DDD53C1-6EA6-499B-A2B3-8B2EF544B815}.Debug|Any CPU.ActiveCfg = Debug|Any CPU
		{3DDD53C1-6EA6-499B-A2B3-8B2EF544B815}.Debug|Any CPU.Build.0 = Debug|Any CPU
		{3DDD53C1-6EA6-499B-A2B3-8B2EF544B815}.Release|Any CPU.ActiveCfg = Release|Any CPU
		{3DDD53C1-6EA6-499B-A2B3-8B2EF544B815}.Release|Any CPU.Build.0 = Release|Any CPU
		{741679D9-6CC4-488D-9A58-61926DA6AC2D}.Debug|Any CPU.ActiveCfg = Debug|Any CPU
		{741679D9-6CC4-488D-9A58-61926DA6AC2D}.Debug|Any CPU.Build.0 = Debug|Any CPU
		{741679D9-6CC4-488D-9A58-61926DA6AC2D}.Release|Any CPU.ActiveCfg = Release|Any CPU
		{741679D9-6CC4-488D-9A58-61926DA6AC2D}.Release|Any CPU.Build.0 = Release|Any CPU
		{D1B63D03-BABB-44CB-AC71-2E670B350ABA}.Debug|Any CPU.ActiveCfg = Debug|Any CPU
		{D1B63D03-BABB-44CB-AC71-2E670B350ABA}.Debug|Any CPU.Build.0 = Debug|Any CPU
		{D1B63D03-BABB-44CB-AC71-2E670B350ABA}.Release|Any CPU.ActiveCfg = Release|Any CPU
		{D1B63D03-BABB-44CB-AC71-2E670B350ABA}.Release|Any CPU.Build.0 = Release|Any CPU
		{FBD3FA01-6BEF-4B7E-8BF9-451F64533708}.Debug|Any CPU.ActiveCfg = Debug|Any CPU
		{FBD3FA01-6BEF-4B7E-8BF9-451F64533708}.Debug|Any CPU.Build.0 = Debug|Any CPU
		{FBD3FA01-6BEF-4B7E-8BF9-451F64533708}.Release|Any CPU.ActiveCfg = Release|Any CPU
		{FBD3FA01-6BEF-4B7E-8BF9-451F64533708}.Release|Any CPU.Build.0 = Release|Any CPU
		{67595CBD-11DF-44BE-BB71-8565D4DD9E2C}.Debug|Any CPU.ActiveCfg = Debug|Any CPU
		{67595CBD-11DF-44BE-BB71-8565D4DD9E2C}.Debug|Any CPU.Build.0 = Debug|Any CPU
		{67595CBD-11DF-44BE-BB71-8565D4DD9E2C}.Release|Any CPU.ActiveCfg = Release|Any CPU
		{67595CBD-11DF-44BE-BB71-8565D4DD9E2C}.Release|Any CPU.Build.0 = Release|Any CPU
	EndGlobalSection
	GlobalSection(SolutionProperties) = preSolution
		HideSolutionNode = FALSE
	EndGlobalSection
	GlobalSection(NestedProjects) = preSolution
		{38E184BD-E874-4633-A947-AED4FDB73F40} = {AFAA0841-BD93-466F-B8F4-FB4EEC86F1FC}
		{22CFE0D2-8DCA-42D7-AD7D-784C3862493F} = {AFAA0841-BD93-466F-B8F4-FB4EEC86F1FC}
		{A2213374-BB48-48FD-BBD4-81E6A961D866} = {AFAA0841-BD93-466F-B8F4-FB4EEC86F1FC}
		{CA86CF6F-5D9E-4DAC-9CCB-0F87B519E087} = {F10AA149-2626-486E-85BB-9CD5365F3016}
		{13200BCC-3685-45A5-9649-488639123C61} = {88C07ABE-859D-4B43-A1CD-5787122A00D6}
		{8458391B-5481-417E-A18F-CD5FBF985A97} = {6EF2C9D6-F1F4-477E-94A3-8C23CA9A6B2F}
		{4CA02791-9DDD-4C9B-A553-02756FC52032} = {8458391B-5481-417E-A18F-CD5FBF985A97}
		{73F0D467-0D3D-422C-8BD4-39CE0F171523} = {8458391B-5481-417E-A18F-CD5FBF985A97}
		{85CB69D4-94DE-46A9-8532-0F7D5A193409} = {9C45F30C-F4AE-4736-8863-46904CD511A9}
		{3DDD53C1-6EA6-499B-A2B3-8B2EF544B815} = {9C45F30C-F4AE-4736-8863-46904CD511A9}
		{741679D9-6CC4-488D-9A58-61926DA6AC2D} = {F10AA149-2626-486E-85BB-9CD5365F3016}
		{D1B63D03-BABB-44CB-AC71-2E670B350ABA} = {8458391B-5481-417E-A18F-CD5FBF985A97}
		{6B36134A-E807-4D09-9501-B906EE9F5EFC} = {6EF2C9D6-F1F4-477E-94A3-8C23CA9A6B2F}
		{FBD3FA01-6BEF-4B7E-8BF9-451F64533708} = {6B36134A-E807-4D09-9501-B906EE9F5EFC}
		{67595CBD-11DF-44BE-BB71-8565D4DD9E2C} = {6B36134A-E807-4D09-9501-B906EE9F5EFC}
	EndGlobalSection
	GlobalSection(ExtensibilityGlobals) = postSolution
		SolutionGuid = {D3E012A2-B9BA-4FF5-A55C-77AF4D4729B5}
	EndGlobalSection
EndGlobal
